
Microsoft Visual Studio Solution File, Format Version 12.00
# Visual Studio Version 17
VisualStudioVersion = 17.4.33213.308
MinimumVisualStudioVersion = 10.0.40219.1
Project("{FAE04EC0-301F-11D3-BF4B-00C04F79EFBC}") = "csharp-action-filters", "csharp-action-filters.csproj", "{6AFAE2F5-6468-4E47-A2E5-E7C399CF0DDB}"
EndProject
Global
	GlobalSection(SolutionConfigurationPlatforms) = preSolution
		Debug|Any CPU = Debug|Any CPU
		Release|Any CPU = Release|Any CPU
	EndGlobalSection
	GlobalSection(ProjectConfigurationPlatforms) = postSolution
		{6AFAE2F5-6468-4E47-A2E5-E7C399CF0DDB}.Debug|Any CPU.ActiveCfg = Debug|Any CPU
		{6AFAE2F5-6468-4E47-A2E5-E7C399CF0DDB}.Debug|Any CPU.Build.0 = Debug|Any CPU
		{6AFAE2F5-6468-4E47-A2E5-E7C399CF0DDB}.Release|Any CPU.ActiveCfg = Release|Any CPU
		{6AFAE2F5-6468-4E47-A2E5-E7C399CF0DDB}.Release|Any CPU.Build.0 = Release|Any CPU
	EndGlobalSection
	GlobalSection(SolutionProperties) = preSolution
		HideSolutionNode = FALSE
	EndGlobalSection
	GlobalSection(ExtensibilityGlobals) = postSolution
		SolutionGuid = {D1722EA6-28E8-4733-B261-5E892981EF19}
	EndGlobalSection
EndGlobal
